
Microsoft Visual Studio Solution File, Format Version 12.00
# Visual Studio Version 17
VisualStudioVersion = 17.12.35527.113 d17.12
MinimumVisualStudioVersion = 10.0.40219.1
Project("{FAE04EC0-301F-11D3-BF4B-00C04F79EFBC}") = "inClassExercise26122024", "inClassExercise26122024\inClassExercise26122024.csproj", "{8A4BD4BD-6B01-4D0F-88A7-31B1F2019DFF}"
EndProject
Global
	GlobalSection(SolutionConfigurationPlatforms) = preSolution
		Debug|Any CPU = Debug|Any CPU
		Release|Any CPU = Release|Any CPU
	EndGlobalSection
	GlobalSection(ProjectConfigurationPlatforms) = postSolution
		{8A4BD4BD-6B01-4D0F-88A7-31B1F2019DFF}.Debug|Any CPU.ActiveCfg = Debug|Any CPU
		{8A4BD4BD-6B01-4D0F-88A7-31B1F2019DFF}.Debug|Any CPU.Build.0 = Debug|Any CPU
		{8A4BD4BD-6B01-4D0F-88A7-31B1F2019DFF}.Release|Any CPU.ActiveCfg = Release|Any CPU
		{8A4BD4BD-6B01-4D0F-88A7-31B1F2019DFF}.Release|Any CPU.Build.0 = Release|Any CPU
	EndGlobalSection
	GlobalSection(SolutionProperties) = preSolution
		HideSolutionNode = FALSE
	EndGlobalSection
EndGlobal
